
Microsoft Visual Studio Solution File, Format Version 12.00
# Visual Studio 15
VisualStudioVersion = 15.0.27004.2006
MinimumVisualStudioVersion = 10.0.40219.1
Project("{FAE04EC0-301F-11D3-BF4B-00C04F79EFBC}") = "DictionaryCollections", "DictionaryCollections\DictionaryCollections.csproj", "{A6EA2431-E7E7-4B3D-935E-71A13981B77C}"
EndProject
Global
	GlobalSection(SolutionConfigurationPlatforms) = preSolution
		Debug|Any CPU = Debug|Any CPU
		Release|Any CPU = Release|Any CPU
	EndGlobalSection
	GlobalSection(ProjectConfigurationPlatforms) = postSolution
		{A6EA2431-E7E7-4B3D-935E-71A13981B77C}.Debug|Any CPU.ActiveCfg = Debug|Any CPU
		{A6EA2431-E7E7-4B3D-935E-71A13981B77C}.Debug|Any CPU.Build.0 = Debug|Any CPU
		{A6EA2431-E7E7-4B3D-935E-71A13981B77C}.Release|Any CPU.ActiveCfg = Release|Any CPU
		{A6EA2431-E7E7-4B3D-935E-71A13981B77C}.Release|Any CPU.Build.0 = Release|Any CPU
	EndGlobalSection
	GlobalSection(SolutionProperties) = preSolution
		HideSolutionNode = FALSE
	EndGlobalSection
	GlobalSection(ExtensibilityGlobals) = postSolution
		SolutionGuid = {2B2C6DC3-6C68-4C20-8648-E9D559CD7670}
	EndGlobalSection
EndGlobal
