
Microsoft Visual Studio Solution File, Format Version 12.00
# Visual Studio 15
VisualStudioVersion = 15.0.27004.2006
MinimumVisualStudioVersion = 10.0.40219.1
Project("{FAE04EC0-301F-11D3-BF4B-00C04F79EFBC}") = "SeekAndArchive", "SeekAndArchive\SeekAndArchive.csproj", "{D9F063F8-A1C2-4DBB-9AE4-082D003A381C}"
EndProject
Global
	GlobalSection(SolutionConfigurationPlatforms) = preSolution
		Debug|Any CPU = Debug|Any CPU
		Release|Any CPU = Release|Any CPU
	EndGlobalSection
	GlobalSection(ProjectConfigurationPlatforms) = postSolution
		{D9F063F8-A1C2-4DBB-9AE4-082D003A381C}.Debug|Any CPU.ActiveCfg = Debug|Any CPU
		{D9F063F8-A1C2-4DBB-9AE4-082D003A381C}.Debug|Any CPU.Build.0 = Debug|Any CPU
		{D9F063F8-A1C2-4DBB-9AE4-082D003A381C}.Release|Any CPU.ActiveCfg = Release|Any CPU
		{D9F063F8-A1C2-4DBB-9AE4-082D003A381C}.Release|Any CPU.Build.0 = Release|Any CPU
	EndGlobalSection
	GlobalSection(SolutionProperties) = preSolution
		HideSolutionNode = FALSE
	EndGlobalSection
	GlobalSection(ExtensibilityGlobals) = postSolution
		SolutionGuid = {BCBC4367-1973-4BCC-8DC5-3E3ED8B98CA3}
	EndGlobalSection
EndGlobal
